
Microsoft Visual Studio Solution File, Format Version 12.00
# Visual Studio Version 17
VisualStudioVersion = 17.4.33403.182
MinimumVisualStudioVersion = 10.0.40219.1
Project("{FAE04EC0-301F-11D3-BF4B-00C04F79EFBC}") = "Localisation", "Localisation\Localisation.csproj", "{C38318AB-35CE-48A6-8468-6E71DB6E1F44}"
EndProject
Global
	GlobalSection(SolutionConfigurationPlatforms) = preSolution
		Debug|Any CPU = Debug|Any CPU
		Release|Any CPU = Release|Any CPU
	EndGlobalSection
	GlobalSection(ProjectConfigurationPlatforms) = postSolution
		{C38318AB-35CE-48A6-8468-6E71DB6E1F44}.Debug|Any CPU.ActiveCfg = Debug|Any CPU
		{C38318AB-35CE-48A6-8468-6E71DB6E1F44}.Debug|Any CPU.Build.0 = Debug|Any CPU
		{C38318AB-35CE-48A6-8468-6E71DB6E1F44}.Release|Any CPU.ActiveCfg = Release|Any CPU
		{C38318AB-35CE-48A6-8468-6E71DB6E1F44}.Release|Any CPU.Build.0 = Release|Any CPU
	EndGlobalSection
	GlobalSection(SolutionProperties) = preSolution
		HideSolutionNode = FALSE
	EndGlobalSection
	GlobalSection(ExtensibilityGlobals) = postSolution
		SolutionGuid = {6B7514C6-E352-4F83-A453-8B8C32683965}
	EndGlobalSection
EndGlobal
